
Microsoft Visual Studio Solution File, Format Version 12.00
# Visual Studio 15
VisualStudioVersion = 15.0.28010.2046
MinimumVisualStudioVersion = 10.0.40219.1
Project("{FAE04EC0-301F-11D3-BF4B-00C04F79EFBC}") = "proptaxprotest", "proptaxprotest\proptaxprotest.csproj", "{B78F2B41-4C46-40E2-A4E7-E3DE9BA17D0F}"
EndProject
Global
	GlobalSection(SolutionConfigurationPlatforms) = preSolution
		Debug|Any CPU = Debug|Any CPU
		Release|Any CPU = Release|Any CPU
	EndGlobalSection
	GlobalSection(ProjectConfigurationPlatforms) = postSolution
		{B78F2B41-4C46-40E2-A4E7-E3DE9BA17D0F}.Debug|Any CPU.ActiveCfg = Debug|Any CPU
		{B78F2B41-4C46-40E2-A4E7-E3DE9BA17D0F}.Debug|Any CPU.Build.0 = Debug|Any CPU
		{B78F2B41-4C46-40E2-A4E7-E3DE9BA17D0F}.Release|Any CPU.ActiveCfg = Release|Any CPU
		{B78F2B41-4C46-40E2-A4E7-E3DE9BA17D0F}.Release|Any CPU.Build.0 = Release|Any CPU
	EndGlobalSection
	GlobalSection(SolutionProperties) = preSolution
		HideSolutionNode = FALSE
	EndGlobalSection
	GlobalSection(ExtensibilityGlobals) = postSolution
		SolutionGuid = {511FB4A8-A96E-490E-AC6E-32EF336FBE3A}
	EndGlobalSection
EndGlobal
